
Microsoft Visual Studio Solution File, Format Version 11.00
# Visual Studio 2010
Project("{FAE04EC0-301F-11D3-BF4B-00C04F79EFBC}") = "Lassalle.AddFlow", "AddFlow\Lassalle.AddFlow.csproj", "{77EE6C7E-8A20-43DD-8955-AE84C489A1D6}"
EndProject
Project("{FAE04EC0-301F-11D3-BF4B-00C04F79EFBC}") = "FlowChar", "FlowChar\FlowChar.csproj", "{D04CFBC4-D253-4835-8D5B-FA0BA5BF256F}"
EndProject
Global
	GlobalSection(SolutionConfigurationPlatforms) = preSolution
		Debug|Any CPU = Debug|Any CPU
		Release|Any CPU = Release|Any CPU
	EndGlobalSection
	GlobalSection(ProjectConfigurationPlatforms) = postSolution
		{77EE6C7E-8A20-43DD-8955-AE84C489A1D6}.Debug|Any CPU.ActiveCfg = Debug|Any CPU
		{77EE6C7E-8A20-43DD-8955-AE84C489A1D6}.Debug|Any CPU.Build.0 = Debug|Any CPU
		{77EE6C7E-8A20-43DD-8955-AE84C489A1D6}.Release|Any CPU.ActiveCfg = Release|Any CPU
		{77EE6C7E-8A20-43DD-8955-AE84C489A1D6}.Release|Any CPU.Build.0 = Release|Any CPU
		{D04CFBC4-D253-4835-8D5B-FA0BA5BF256F}.Debug|Any CPU.ActiveCfg = Debug|Any CPU
		{D04CFBC4-D253-4835-8D5B-FA0BA5BF256F}.Debug|Any CPU.Build.0 = Debug|Any CPU
		{D04CFBC4-D253-4835-8D5B-FA0BA5BF256F}.Release|Any CPU.ActiveCfg = Release|Any CPU
		{D04CFBC4-D253-4835-8D5B-FA0BA5BF256F}.Release|Any CPU.Build.0 = Release|Any CPU
	EndGlobalSection
	GlobalSection(SolutionProperties) = preSolution
		HideSolutionNode = FALSE
	EndGlobalSection
EndGlobal
